// !$*UTF8*$!
{
	archiveVersion = 1;
	classes = {
	};
	objectVersion = 46;
	objects = {

/* Begin PBXBuildFile section */
		13A577161BF145BB00BEBFF2 /* main.m in Sources */ = {isa = PBXBuildFile; fileRef = 13A577151BF145BB00BEBFF2 /* main.m */; };
		13A5771F1BF145BC00BEBFF2 /* Main.storyboard in Resources */ = {isa = PBXBuildFile; fileRef = 13A5771D1BF145BC00BEBFF2 /* Main.storyboard */; };
		13A577211BF145BC00BEBFF2 /* Images.xcassets in Resources */ = {isa = PBXBuildFile; fileRef = 13A577201BF145BC00BEBFF2 /* Images.xcassets */; };
		13A577241BF145BC00BEBFF2 /* LaunchScreen.xib in Resources */ = {isa = PBXBuildFile; fileRef = 13A577221BF145BC00BEBFF2 /* LaunchScreen.xib */; };
		13A577301BF145BC00BEBFF2 /* DonutTests.m in Sources */ = {isa = PBXBuildFile; fileRef = 13A5772F1BF145BC00BEBFF2 /* DonutTests.m */; };
		13A577431BF1461900BEBFF2 /* AppDelegate.m in Sources */ = {isa = PBXBuildFile; fileRef = 13A5773C1BF1461900BEBFF2 /* AppDelegate.m */; };
		13A577441BF1461900BEBFF2 /* ViewController.m in Sources */ = {isa = PBXBuildFile; fileRef = 13A5773E1BF1461900BEBFF2 /* ViewController.m */; };
		13B061321BF2E3140063C78D /* TBABannerViewController.m in Sources */ = {isa = PBXBuildFile; fileRef = 13B061311BF2E3140063C78D /* TBABannerViewController.m */; };
/* End PBXBuildFile section */

/* Begin PBXContainerItemProxy section */
		13A5772A1BF145BC00BEBFF2 /* PBXContainerItemProxy */ = {
			isa = PBXContainerItemProxy;
			containerPortal = 13A577081BF145BB00BEBFF2 /* Project object */;
			proxyType = 1;
			remoteGlobalIDString = 13A5770F1BF145BB00BEBFF2;
			remoteInfo = Donut;
		};
/* End PBXContainerItemProxy section */

/* Begin PBXFileReference section */
		134AD3E81BF1471600D7984C /* TBA+iAd.h */ = {isa = PBXFileReference; lastKnownFileType = sourcecode.c.h; path = "TBA+iAd.h"; sourceTree = "<group>"; };
		13A577101BF145BB00BEBFF2 /* Donut.app */ = {isa = PBXFileReference; explicitFileType = wrapper.application; includeInIndex = 0; path = Donut.app; sourceTree = BUILT_PRODUCTS_DIR; };
		13A577141BF145BB00BEBFF2 /* Info.plist */ = {isa = PBXFileReference; lastKnownFileType = text.plist.xml; path = Info.plist; sourceTree = "<group>"; };
		13A577151BF145BB00BEBFF2 /* main.m */ = {isa = PBXFileReference; lastKnownFileType = sourcecode.c.objc; path = main.m; sourceTree = "<group>"; };
		13A5771E1BF145BC00BEBFF2 /* Base */ = {isa = PBXFileReference; lastKnownFileType = file.storyboard; name = Base; path = Base.lproj/Main.storyboard; sourceTree = "<group>"; };
		13A577201BF145BC00BEBFF2 /* Images.xcassets */ = {isa = PBXFileReference; lastKnownFileType = folder.assetcatalog; path = Images.xcassets; sourceTree = "<group>"; };
		13A577231BF145BC00BEBFF2 /* Base */ = {isa = PBXFileReference; lastKnownFileType = file.xib; name = Base; path = Base.lproj/LaunchScreen.xib; sourceTree = "<group>"; };
		13A577291BF145BC00BEBFF2 /* DonutTests.xctest */ = {isa = PBXFileReference; explicitFileType = wrapper.cfbundle; includeInIndex = 0; path = DonutTests.xctest; sourceTree = BUILT_PRODUCTS_DIR; };
		13A5772E1BF145BC00BEBFF2 /* Info.plist */ = {isa = PBXFileReference; lastKnownFileType = text.plist.xml; path = Info.plist; sourceTree = "<group>"; };
		13A5772F1BF145BC00BEBFF2 /* DonutTests.m */ = {isa = PBXFileReference; lastKnownFileType = sourcecode.c.objc; path = DonutTests.m; sourceTree = "<group>"; };
		13A5773B1BF1461900BEBFF2 /* AppDelegate.h */ = {isa = PBXFileReference; fileEncoding = 4; lastKnownFileType = sourcecode.c.h; path = AppDelegate.h; sourceTree = "<group>"; };
		13A5773C1BF1461900BEBFF2 /* AppDelegate.m */ = {isa = PBXFileReference; fileEncoding = 4; lastKnownFileType = sourcecode.c.objc; path = AppDelegate.m; sourceTree = "<group>"; };
		13A5773D1BF1461900BEBFF2 /* ViewController.h */ = {isa = PBXFileReference; fileEncoding = 4; lastKnownFileType = sourcecode.c.h; path = ViewController.h; sourceTree = "<group>"; };
		13A5773E1BF1461900BEBFF2 /* ViewController.m */ = {isa = PBXFileReference; fileEncoding = 4; lastKnownFileType = sourcecode.c.objc; path = ViewController.m; sourceTree = "<group>"; };
		13B061301BF2E3140063C78D /* TBABannerViewController.h */ = {isa = PBXFileReference; fileEncoding = 4; lastKnownFileType = sourcecode.c.h; path = TBABannerViewController.h; sourceTree = "<group>"; };
		13B061311BF2E3140063C78D /* TBABannerViewController.m */ = {isa = PBXFileReference; fileEncoding = 4; lastKnownFileType = sourcecode.c.objc; path = TBABannerViewController.m; sourceTree = "<group>"; };
/* End PBXFileReference section */

/* Begin PBXFrameworksBuildPhase section */
		13A5770D1BF145BB00BEBFF2 /* Frameworks */ = {
			isa = PBXFrameworksBuildPhase;
			buildActionMask = 2147483647;
			files = (
			);
			runOnlyForDeploymentPostprocessing = 0;
		};
		13A577261BF145BC00BEBFF2 /* Frameworks */ = {
			isa = PBXFrameworksBuildPhase;
			buildActionMask = 2147483647;
			files = (
			);
			runOnlyForDeploymentPostprocessing = 0;
		};
/* End PBXFrameworksBuildPhase section */

/* Begin PBXGroup section */
		13A577071BF145BB00BEBFF2 = {
			isa = PBXGroup;
			children = (
				13A577391BF145E500BEBFF2 /* TBA+iAd */,
				13A577121BF145BB00BEBFF2 /* Donut */,
				13A5772C1BF145BC00BEBFF2 /* DonutTests */,
				13A577111BF145BB00BEBFF2 /* Products */,
			);
			sourceTree = "<group>";
		};
		13A577111BF145BB00BEBFF2 /* Products */ = {
			isa = PBXGroup;
			children = (
				13A577101BF145BB00BEBFF2 /* Donut.app */,
				13A577291BF145BC00BEBFF2 /* DonutTests.xctest */,
			);
			name = Products;
			sourceTree = "<group>";
		};
		13A577121BF145BB00BEBFF2 /* Donut */ = {
			isa = PBXGroup;
			children = (
				13A5773A1BF1461900BEBFF2 /* Classes */,
				13A5773F1BF1461900BEBFF2 /* Resources */,
				13A5771D1BF145BC00BEBFF2 /* Main.storyboard */,
				13A577201BF145BC00BEBFF2 /* Images.xcassets */,
				13A577221BF145BC00BEBFF2 /* LaunchScreen.xib */,
				13A577131BF145BB00BEBFF2 /* Supporting Files */,
			);
			path = Donut;
			sourceTree = "<group>";
		};
		13A577131BF145BB00BEBFF2 /* Supporting Files */ = {
			isa = PBXGroup;
			children = (
				13A577141BF145BB00BEBFF2 /* Info.plist */,
				13A577151BF145BB00BEBFF2 /* main.m */,
			);
			name = "Supporting Files";
			sourceTree = "<group>";
		};
		13A5772C1BF145BC00BEBFF2 /* DonutTests */ = {
			isa = PBXGroup;
			children = (
				13A5772F1BF145BC00BEBFF2 /* DonutTests.m */,
				13A5772D1BF145BC00BEBFF2 /* Supporting Files */,
			);
			path = DonutTests;
			sourceTree = "<group>";
		};
		13A5772D1BF145BC00BEBFF2 /* Supporting Files */ = {
			isa = PBXGroup;
			children = (
				13A5772E1BF145BC00BEBFF2 /* Info.plist */,
			);
			name = "Supporting Files";
			sourceTree = "<group>";
		};
		13A577391BF145E500BEBFF2 /* TBA+iAd */ = {
			isa = PBXGroup;
			children = (
				134AD3E81BF1471600D7984C /* TBA+iAd.h */,
				13B061301BF2E3140063C78D /* TBABannerViewController.h */,
				13B061311BF2E3140063C78D /* TBABannerViewController.m */,
			);
			path = "TBA+iAd";
			sourceTree = "<group>";
		};
		13A5773A1BF1461900BEBFF2 /* Classes */ = {
			isa = PBXGroup;
			children = (
				13A5773B1BF1461900BEBFF2 /* AppDelegate.h */,
				13A5773C1BF1461900BEBFF2 /* AppDelegate.m */,
				13A5773D1BF1461900BEBFF2 /* ViewController.h */,
				13A5773E1BF1461900BEBFF2 /* ViewController.m */,
			);
			path = Classes;
			sourceTree = "<group>";
		};
		13A5773F1BF1461900BEBFF2 /* Resources */ = {
			isa = PBXGroup;
			children = (
				13A577401BF1461900BEBFF2 /* Audio */,
				13A577411BF1461900BEBFF2 /* Data */,
				13A577421BF1461900BEBFF2 /* Graphics */,
			);
			path = Resources;
			sourceTree = "<group>";
		};
		13A577401BF1461900BEBFF2 /* Audio */ = {
			isa = PBXGroup;
			children = (
			);
			path = Audio;
			sourceTree = "<group>";
		};
		13A577411BF1461900BEBFF2 /* Data */ = {
			isa = PBXGroup;
			children = (
			);
			path = Data;
			sourceTree = "<group>";
		};
		13A577421BF1461900BEBFF2 /* Graphics */ = {
			isa = PBXGroup;
			children = (
			);
			path = Graphics;
			sourceTree = "<group>";
		};
/* End PBXGroup section */

/* Begin PBXNativeTarget section */
		13A5770F1BF145BB00BEBFF2 /* Donut */ = {
			isa = PBXNativeTarget;
			buildConfigurationList = 13A577331BF145BC00BEBFF2 /* Build configuration list for PBXNativeTarget "Donut" */;
			buildPhases = (
				13A5770C1BF145BB00BEBFF2 /* Sources */,
				13A5770D1BF145BB00BEBFF2 /* Frameworks */,
				13A5770E1BF145BB00BEBFF2 /* Resources */,
			);
			buildRules = (
			);
			dependencies = (
			);
			name = Donut;
			productName = Donut;
			productReference = 13A577101BF145BB00BEBFF2 /* Donut.app */;
			productType = "com.apple.product-type.application";
		};
		13A577281BF145BC00BEBFF2 /* DonutTests */ = {
			isa = PBXNativeTarget;
			buildConfigurationList = 13A577361BF145BC00BEBFF2 /* Build configuration list for PBXNativeTarget "DonutTests" */;
			buildPhases = (
				13A577251BF145BC00BEBFF2 /* Sources */,
				13A577261BF145BC00BEBFF2 /* Frameworks */,
				13A577271BF145BC00BEBFF2 /* Resources */,
			);
			buildRules = (
			);
			dependencies = (
				13A5772B1BF145BC00BEBFF2 /* PBXTargetDependency */,
			);
			name = DonutTests;
			productName = DonutTests;
			productReference = 13A577291BF145BC00BEBFF2 /* DonutTests.xctest */;
			productType = "com.apple.product-type.bundle.unit-test";
		};
/* End PBXNativeTarget section */

/* Begin PBXProject section */
		13A577081BF145BB00BEBFF2 /* Project object */ = {
			isa = PBXProject;
			attributes = {
				LastUpgradeCheck = 0640;
				ORGANIZATIONNAME = "Xiao Yao";
				TargetAttributes = {
					13A5770F1BF145BB00BEBFF2 = {
						CreatedOnToolsVersion = 6.4;
					};
					13A577281BF145BC00BEBFF2 = {
						CreatedOnToolsVersion = 6.4;
						TestTargetID = 13A5770F1BF145BB00BEBFF2;
					};
				};
			};
			buildConfigurationList = 13A5770B1BF145BB00BEBFF2 /* Build configuration list for PBXProject "Donut" */;
			compatibilityVersion = "Xcode 3.2";
			developmentRegion = English;
			hasScannedForEncodings = 0;
			knownRegions = (
				en,
				Base,
			);
			mainGroup = 13A577071BF145BB00BEBFF2;
			productRefGroup = 13A577111BF145BB00BEBFF2 /* Products */;
			projectDirPath = "";
			projectRoot = "";
			targets = (
				13A5770F1BF145BB00BEBFF2 /* Donut */,
				13A577281BF145BC00BEBFF2 /* DonutTests */,
			);
		};
/* End PBXProject section */

/* Begin PBXResourcesBuildPhase section */
		13A5770E1BF145BB00BEBFF2 /* Resources */ = {
			isa = PBXResourcesBuildPhase;
			buildActionMask = 2147483647;
			files = (
				13A5771F1BF145BC00BEBFF2 /* Main.storyboard in Resources */,
				13A577241BF145BC00BEBFF2 /* LaunchScreen.xib in Resources */,
				13A577211BF145BC00BEBFF2 /* Images.xcassets in Resources */,
			);
			runOnlyForDeploymentPostprocessing = 0;
		};
		13A577271BF145BC00BEBFF2 /* Resources */ = {
			isa = PBXResourcesBuildPhase;
			buildActionMask = 2147483647;
			files = (
			);
			runOnlyForDeploymentPostprocessing = 0;
		};
/* End PBXResourcesBuildPhase section */

/* Begin PBXSourcesBuildPhase section */
		13A5770C1BF145BB00BEBFF2 /* Sources */ = {
			isa = PBXSourcesBuildPhase;
			buildActionMask = 2147483647;
			files = (
				13B061321BF2E3140063C78D /* TBABannerViewController.m in Sources */,
				13A577441BF1461900BEBFF2 /* ViewController.m in Sources */,
				13A577431BF1461900BEBFF2 /* AppDelegate.m in Sources */,
				13A577161BF145BB00BEBFF2 /* main.m in Sources */,
			);
			runOnlyForDeploymentPostprocessing = 0;
		};
		13A577251BF145BC00BEBFF2 /* Sources */ = {
			isa = PBXSourcesBuildPhase;
			buildActionMask = 2147483647;
			files = (
				13A577301BF145BC00BEBFF2 /* DonutTests.m in Sources */,
			);
			runOnlyForDeploymentPostprocessing = 0;
		};
/* End PBXSourcesBuildPhase section */

/* Begin PBXTargetDependency section */
		13A5772B1BF145BC00BEBFF2 /* PBXTargetDependency */ = {
			isa = PBXTargetDependency;
			target = 13A5770F1BF145BB00BEBFF2 /* Donut */;
			targetProxy = 13A5772A1BF145BC00BEBFF2 /* PBXContainerItemProxy */;
		};
/* End PBXTargetDependency section */

/* Begin PBXVariantGroup section */
		13A5771D1BF145BC00BEBFF2 /* Main.storyboard */ = {
			isa = PBXVariantGroup;
			children = (
				13A5771E1BF145BC00BEBFF2 /* Base */,
			);
			name = Main.storyboard;
			sourceTree = "<group>";
		};
		13A577221BF145BC00BEBFF2 /* LaunchScreen.xib */ = {
			isa = PBXVariantGroup;
			children = (
				13A577231BF145BC00BEBFF2 /* Base */,
			);
			name = LaunchScreen.xib;
			sourceTree = "<group>";
		};
/* End PBXVariantGroup section */

/* Begin XCBuildConfiguration section */
		13A577311BF145BC00BEBFF2 /* Debug */ = {
			isa = XCBuildConfiguration;
			buildSettings = {
				ALWAYS_SEARCH_USER_PATHS = NO;
				CLANG_CXX_LANGUAGE_STANDARD = "gnu++0x";
				CLANG_CXX_LIBRARY = "libc++";
				CLANG_ENABLE_MODULES = YES;
				CLANG_ENABLE_OBJC_ARC = YES;
				CLANG_WARN_BOOL_CONVERSION = YES;
				CLANG_WARN_CONSTANT_CONVERSION = YES;
				CLANG_WARN_DIRECT_OBJC_ISA_USAGE = YES_ERROR;
				CLANG_WARN_EMPTY_BODY = YES;
				CLANG_WARN_ENUM_CONVERSION = YES;
				CLANG_WARN_INT_CONVERSION = YES;
				CLANG_WARN_OBJC_ROOT_CLASS = YES_ERROR;
				CLANG_WARN_UNREACHABLE_CODE = YES;
				CLANG_WARN__DUPLICATE_METHOD_MATCH = YES;
				"CODE_SIGN_IDENTITY[sdk=iphoneos*]" = "iPhone Developer";
				COPY_PHASE_STRIP = NO;
				DEBUG_INFORMATION_FORMAT = "dwarf-with-dsym";
				ENABLE_STRICT_OBJC_MSGSEND = YES;
				GCC_C_LANGUAGE_STANDARD = gnu99;
				GCC_DYNAMIC_NO_PIC = NO;
				GCC_NO_COMMON_BLOCKS = YES;
				GCC_OPTIMIZATION_LEVEL = 0;
				GCC_PREPROCESSOR_DEFINITIONS = (
					"DEBUG=1",
					"$(inherited)",
				);
				GCC_SYMBOLS_PRIVATE_EXTERN = NO;
				GCC_WARN_64_TO_32_BIT_CONVERSION = YES;
				GCC_WARN_ABOUT_RETURN_TYPE = YES_ERROR;
				GCC_WARN_UNDECLARED_SELECTOR = YES;
				GCC_WARN_UNINITIALIZED_AUTOS = YES_AGGRESSIVE;
				GCC_WARN_UNUSED_FUNCTION = YES;
				GCC_WARN_UNUSED_VARIABLE = YES;
				IPHONEOS_DEPLOYMENT_TARGET = 8.4;
				MTL_ENABLE_DEBUG_INFO = YES;
				ONLY_ACTIVE_ARCH = YES;
				SDKROOT = iphoneos;
				TARGETED_DEVICE_FAMILY = "1,2";
			};
			name = Debug;
		};
		13A577321BF145BC00BEBFF2 /* Release */ = {
			isa = XCBuildConfiguration;
			buildSettings = {
				ALWAYS_SEARCH_USER_PATHS = NO;
				CLANG_CXX_LANGUAGE_STANDARD = "gnu++0x";
				CLANG_CXX_LIBRARY = "libc++";
				CLANG_ENABLE_MODULES = YES;
				CLANG_ENABLE_OBJC_ARC = YES;
				CLANG_WARN_BOOL_CONVERSION = YES;
				CLANG_WARN_CONSTANT_CONVERSION = YES;
				CLANG_WARN_DIRECT_OBJC_ISA_USAGE = YES_ERROR;
				CLANG_WARN_EMPTY_BODY = YES;
				CLANG_WARN_ENUM_CONVERSION = YES;
				CLANG_WARN_INT_CONVERSION = YES;
				CLANG_WARN_OBJC_ROOT_CLASS = YES_ERROR;
				CLANG_WARN_UNREACHABLE_CODE = YES;
				CLANG_WARN__DUPLICATE_METHOD_MATCH = YES;
				"CODE_SIGN_IDENTITY[sdk=iphoneos*]" = "iPhone Developer";
				COPY_PHASE_STRIP = NO;
				DEBUG_INFORMATION_FORMAT = "dwarf-with-dsym";
				ENABLE_NS_ASSERTIONS = NO;
				ENABLE_STRICT_OBJC_MSGSEND = YES;
				GCC_C_LANGUAGE_STANDARD = gnu99;
				GCC_NO_COMMON_BLOCKS = YES;
				GCC_WARN_64_TO_32_BIT_CONVERSION = YES;
				GCC_WARN_ABOUT_RETURN_TYPE = YES_ERROR;
				GCC_WARN_UNDECLARED_SELECTOR = YES;
				GCC_WARN_UNINITIALIZED_AUTOS = YES_AGGRESSIVE;
				GCC_WARN_UNUSED_FUNCTION = YES;
				GCC_WARN_UNUSED_VARIABLE = YES;
				IPHONEOS_DEPLOYMENT_TARGET = 8.4;
				MTL_ENABLE_DEBUG_INFO = NO;
				SDKROOT = iphoneos;
				TARGETED_DEVICE_FAMILY = "1,2";
				VALIDATE_PRODUCT = YES;
			};
			name = Release;
		};
		13A577341BF145BC00BEBFF2 /* Debug */ = {
			isa = XCBuildConfiguration;
			buildSettings = {
				ASSETCATALOG_COMPILER_APPICON_NAME = AppIcon;
				INFOPLIST_FILE = Donut/Info.plist;
				LD_RUNPATH_SEARCH_PATHS = "$(inherited) @executable_path/Frameworks";
				PRODUCT_NAME = "$(TARGET_NAME)";
			};
			name = Debug;
		};
		13A577351BF145BC00BEBFF2 /* Release */ = {
			isa = XCBuildConfiguration;
			buildSettings = {
				ASSETCATALOG_COMPILER_APPICON_NAME = AppIcon;
				INFOPLIST_FILE = Donut/Info.plist;
				LD_RUNPATH_SEARCH_PATHS = "$(inherited) @executable_path/Frameworks";
				PRODUCT_NAME = "$(TARGET_NAME)";
			};
			name = Release;
		};
		13A577371BF145BC00BEBFF2 /* Debug */ = {
			isa = XCBuildConfiguration;
			buildSettings = {
				BUNDLE_LOADER = "$(TEST_HOST)";
				FRAMEWORK_SEARCH_PATHS = (
					"$(SDKROOT)/Developer/Library/Frameworks",
					"$(inherited)",
				);
				GCC_PREPROCESSOR_DEFINITIONS = (
					"DEBUG=1",
					"$(inherited)",
				);
				INFOPLIST_FILE = DonutTests/Info.plist;
				LD_RUNPATH_SEARCH_PATHS = "$(inherited) @executable_path/Frameworks @loader_path/Frameworks";
				PRODUCT_NAME = "$(TARGET_NAME)";
				TEST_HOST = "$(BUILT_PRODUCTS_DIR)/Donut.app/Donut";
			};
			name = Debug;
		};
		13A577381BF145BC00BEBFF2 /* Release */ = {
			isa = XCBuildConfiguration;
			buildSettings = {
				BUNDLE_LOADER = "$(TEST_HOST)";
				FRAMEWORK_SEARCH_PATHS = (
					"$(SDKROOT)/Developer/Library/Frameworks",
					"$(inherited)",
				);
				INFOPLIST_FILE = DonutTests/Info.plist;
				LD_RUNPATH_SEARCH_PATHS = "$(inherited) @executable_path/Frameworks @loader_path/Frameworks";
				PRODUCT_NAME = "$(TARGET_NAME)";
				TEST_HOST = "$(BUILT_PRODUCTS_DIR)/Donut.app/Donut";
			};
			name = Release;
		};
/* End XCBuildConfiguration section */

/* Begin XCConfigurationList section */
		13A5770B1BF145BB00BEBFF2 /* Build configuration list for PBXProject "Donut" */ = {
			isa = XCConfigurationList;
			buildConfigurations = (
				13A577311BF145BC00BEBFF2 /* Debug */,
				13A577321BF145BC00BEBFF2 /* Release */,
			);
			defaultConfigurationIsVisible = 0;
			defaultConfigurationName = Release;
		};
		13A577331BF145BC00BEBFF2 /* Build configuration list for PBXNativeTarget "Donut" */ = {
			isa = XCConfigurationList;
			buildConfigurations = (
				13A577341BF145BC00BEBFF2 /* Debug */,
				13A577351BF145BC00BEBFF2 /* Release */,
			);
			defaultConfigurationIsVisible = 0;
			defaultConfigurationName = Release;
		};
		13A577361BF145BC00BEBFF2 /* Build configuration list for PBXNativeTarget "DonutTests" */ = {
			isa = XCConfigurationList;
			buildConfigurations = (
				13A577371BF145BC00BEBFF2 /* Debug */,
				13A577381BF145BC00BEBFF2 /* Release */,
			);
			defaultConfigurationIsVisible = 0;
			defaultConfigurationName = Release;
		};
/* End XCConfigurationList section */
	};
	rootObject = 13A577081BF145BB00BEBFF2 /* Project object */;
}
